<?xml version="1.0" encoding="utf-8"?>
<Project ToolsVersion="4.0" xmlns="http://schemas.microsoft.com/developer/msbuild/2003">
  <ItemGroup>
    <Filter Include="LowBit">
      <UniqueIdentifier>{51300959-4dd9-44d6-9448-b8f7859bf283}</UniqueIdentifier>
    </Filter>
  </ItemGroup>
  <ItemGroup>
    <ClCompile Include="LowBit\LowBit.cpp">
      <Filter>LowBit</Filter>
    </ClCompile>
  </ItemGroup>
  <ItemGroup>
    <ClInclude Include="LowBit\LowBit.h">
      <Filter>LowBit</Filter>
    </ClInclude>
  </ItemGroup>
</Project>