<?xml version="1.0" encoding="utf-8"?>
<Project ToolsVersion="4.0" xmlns="http://schemas.microsoft.com/developer/msbuild/2003">
  <ItemGroup>
    <Filter Include="StringUtils">
      <UniqueIdentifier>{93995380-89BD-4b04-88EB-625FBE52EBFB}</UniqueIdentifier>
      <Extensions>h;hh;hpp;hxx;hm;inl;inc;xsd</Extensions>
    </Filter>
    <Filter Include="MemoryShare">
      <UniqueIdentifier>{c2f66205-13a4-4745-93b3-47b118709fb0}</UniqueIdentifier>
    </Filter>
    <Filter Include="Sqlite3">
      <UniqueIdentifier>{9d50b5d7-4bbf-418a-99d9-293ada7d49ce}</UniqueIdentifier>
    </Filter>
    <Filter Include="Json">
      <UniqueIdentifier>{8e890acb-1ae0-4506-952e-8a84cf490300}</UniqueIdentifier>
    </Filter>
  </ItemGroup>
  <ItemGroup>
    <ClInclude Include="StringUtils\stringutils.h">
      <Filter>StringUtils</Filter>
    </ClInclude>
    <ClInclude Include="MemoryShare\MemoryShare.h">
      <Filter>MemoryShare</Filter>
    </ClInclude>
    <ClInclude Include="Sqlite3\SQLiteHelper.h">
      <Filter>Sqlite3</Filter>
    </ClInclude>
    <ClInclude Include="Json\cJSON.h">
      <Filter>Json</Filter>
    </ClInclude>
    <ClInclude Include="Json\Test.h">
      <Filter>Json</Filter>
    </ClInclude>
    <ClInclude Include="Json\CJsonObject.hpp">
      <Filter>Json</Filter>
    </ClInclude>
    <ClInclude Include="Sqlite3\Test.h">
      <Filter>Sqlite3</Filter>
    </ClInclude>
    <ClInclude Include="StringUtils\Test.h">
      <Filter>StringUtils</Filter>
    </ClInclude>
    <ClInclude Include="MemoryShare\Test.h">
      <Filter>MemoryShare</Filter>
    </ClInclude>
  </ItemGroup>
  <ItemGroup>
    <ClCompile Include="main_utils.cpp" />
    <ClCompile Include="StringUtils\stringutils.cpp">
      <Filter>StringUtils</Filter>
    </ClCompile>
    <ClCompile Include="MemoryShare\MemoryShare.cpp">
      <Filter>MemoryShare</Filter>
    </ClCompile>
    <ClCompile Include="Sqlite3\SQLiteHelper.cpp">
      <Filter>Sqlite3</Filter>
    </ClCompile>
    <ClCompile Include="Json\cJSON.c">
      <Filter>Json</Filter>
    </ClCompile>
    <ClCompile Include="Json\CJsonObject.cpp">
      <Filter>Json</Filter>
    </ClCompile>
    <ClCompile Include="Sqlite3\lib\sqlite3.c">
      <Filter>Sqlite3</Filter>
    </ClCompile>
  </ItemGroup>
</Project>