<?xml version="1.0" encoding="utf-8"?>
<Project ToolsVersion="4.0" xmlns="http://schemas.microsoft.com/developer/msbuild/2003">
  <ItemGroup>
    <Filter Include="StringUtils">
      <UniqueIdentifier>{93995380-89BD-4b04-88EB-625FBE52EBFB}</UniqueIdentifier>
      <Extensions>h;hh;hpp;hxx;hm;inl;inc;xsd</Extensions>
    </Filter>
    <Filter Include="MemoryShare">
      <UniqueIdentifier>{c2f66205-13a4-4745-93b3-47b118709fb0}</UniqueIdentifier>
    </Filter>
    <Filter Include="Sqlite3">
      <UniqueIdentifier>{9d50b5d7-4bbf-418a-99d9-293ada7d49ce}</UniqueIdentifier>
    </Filter>
    <Filter Include="Json">
      <UniqueIdentifier>{8e890acb-1ae0-4506-952e-8a84cf490300}</UniqueIdentifier>
    </Filter>
    <Filter Include="Xml">
      <UniqueIdentifier>{876ce9c8-e52e-451b-ae62-d855ea96d11f}</UniqueIdentifier>
    </Filter>
    <Filter Include="CodeCvt">
      <UniqueIdentifier>{c6084421-bc98-42e1-891a-ec9c11105e16}</UniqueIdentifier>
    </Filter>
    <Filter Include="InitFile">
      <UniqueIdentifier>{f878c67f-fc1f-4358-8f39-301f0fd63e20}</UniqueIdentifier>
    </Filter>
    <Filter Include="LimitSingleInstance">
      <UniqueIdentifier>{c0105cc6-d2b3-41dc-b5b9-91afe64c1e27}</UniqueIdentifier>
    </Filter>
    <Filter Include="ResourceUtil">
      <UniqueIdentifier>{09a78199-f419-409f-8919-f67d78628920}</UniqueIdentifier>
    </Filter>
    <Filter Include="CommandLineArguments">
      <UniqueIdentifier>{87de4e90-f41f-4182-b751-213fcff5eefd}</UniqueIdentifier>
    </Filter>
    <Filter Include="WinRegistryKey">
      <UniqueIdentifier>{b062b4c5-2cf9-4ceb-afef-62b4e1b31466}</UniqueIdentifier>
    </Filter>
    <Filter Include="Encrypt">
      <UniqueIdentifier>{b74d913a-e601-4f73-9a93-16fd0b4d19cd}</UniqueIdentifier>
    </Filter>
    <Filter Include="Encrypt\.h">
      <UniqueIdentifier>{987fcbcb-48e7-48f4-b9fc-b07665dcf117}</UniqueIdentifier>
    </Filter>
    <Filter Include="Encrypt\.c">
      <UniqueIdentifier>{45a29bf2-ae3e-4f79-a180-e92ec38fb316}</UniqueIdentifier>
    </Filter>
  </ItemGroup>
  <ItemGroup>
    <ClInclude Include="StringUtils\stringutils.h">
      <Filter>StringUtils</Filter>
    </ClInclude>
    <ClInclude Include="MemoryShare\MemoryShare.h">
      <Filter>MemoryShare</Filter>
    </ClInclude>
    <ClInclude Include="Sqlite3\SQLiteHelper.h">
      <Filter>Sqlite3</Filter>
    </ClInclude>
    <ClInclude Include="Json\cJSON.h">
      <Filter>Json</Filter>
    </ClInclude>
    <ClInclude Include="Json\Test.h">
      <Filter>Json</Filter>
    </ClInclude>
    <ClInclude Include="Json\CJsonObject.hpp">
      <Filter>Json</Filter>
    </ClInclude>
    <ClInclude Include="Sqlite3\Test.h">
      <Filter>Sqlite3</Filter>
    </ClInclude>
    <ClInclude Include="StringUtils\Test.h">
      <Filter>StringUtils</Filter>
    </ClInclude>
    <ClInclude Include="MemoryShare\Test.h">
      <Filter>MemoryShare</Filter>
    </ClInclude>
    <ClInclude Include="XML\Test.h">
      <Filter>Xml</Filter>
    </ClInclude>
    <ClInclude Include="XML\tinystr.h">
      <Filter>Xml</Filter>
    </ClInclude>
    <ClInclude Include="XML\tinyxml.h">
      <Filter>Xml</Filter>
    </ClInclude>
    <ClInclude Include="Sqlite3\sqlite3.h">
      <Filter>Sqlite3</Filter>
    </ClInclude>
    <ClInclude Include="CodeCvt\CodeCvt.h">
      <Filter>CodeCvt</Filter>
    </ClInclude>
    <ClInclude Include="CodeCvt\Test.h">
      <Filter>CodeCvt</Filter>
    </ClInclude>
    <ClInclude Include="InitFile\IniFIle.h">
      <Filter>InitFile</Filter>
    </ClInclude>
    <ClInclude Include="InitFile\Test.h">
      <Filter>InitFile</Filter>
    </ClInclude>
    <ClInclude Include="LimitSingleInstance\LimitSingleInstance.h">
      <Filter>LimitSingleInstance</Filter>
    </ClInclude>
    <ClInclude Include="LimitSingleInstance\Test.h">
      <Filter>LimitSingleInstance</Filter>
    </ClInclude>
    <ClInclude Include="ResourceUtil\ResourceUtil.h">
      <Filter>ResourceUtil</Filter>
    </ClInclude>
    <ClInclude Include="ResourceUtil\Test.h">
      <Filter>ResourceUtil</Filter>
    </ClInclude>
    <ClInclude Include="CommandLineArguments\Test.h">
      <Filter>CommandLineArguments</Filter>
    </ClInclude>
    <ClInclude Include="CommandLineArguments\CommandLineArguments.h">
      <Filter>CommandLineArguments</Filter>
    </ClInclude>
    <ClInclude Include="WinRegistryKey\Test.h">
      <Filter>WinRegistryKey</Filter>
    </ClInclude>
    <ClInclude Include="WinRegistryKey\WinRegistryKey.h">
      <Filter>WinRegistryKey</Filter>
    </ClInclude>
    <ClInclude Include="Encrypt\Test.h">
      <Filter>Encrypt</Filter>
    </ClInclude>
    <ClInclude Include="Encrypt\aes.h">
      <Filter>Encrypt\.h</Filter>
    </ClInclude>
    <ClInclude Include="Encrypt\b64.h">
      <Filter>Encrypt\.h</Filter>
    </ClInclude>
    <ClInclude Include="Encrypt\crc32.h">
      <Filter>Encrypt\.h</Filter>
    </ClInclude>
    <ClInclude Include="Encrypt\hmac.h">
      <Filter>Encrypt\.h</Filter>
    </ClInclude>
    <ClInclude Include="Encrypt\md5.h">
      <Filter>Encrypt\.h</Filter>
    </ClInclude>
    <ClInclude Include="Encrypt\p224.h">
      <Filter>Encrypt\.h</Filter>
    </ClInclude>
    <ClInclude Include="Encrypt\p256.h">
      <Filter>Encrypt\.h</Filter>
    </ClInclude>
    <ClInclude Include="Encrypt\p256_ecdsa.h">
      <Filter>Encrypt\.h</Filter>
    </ClInclude>
    <ClInclude Include="Encrypt\p256_prng.h">
      <Filter>Encrypt\.h</Filter>
    </ClInclude>
    <ClInclude Include="Encrypt\pbkdf2.h">
      <Filter>Encrypt\.h</Filter>
    </ClInclude>
    <ClInclude Include="Encrypt\hash-internal.h">
      <Filter>Encrypt\.h</Filter>
    </ClInclude>
    <ClInclude Include="Encrypt\rc4.h">
      <Filter>Encrypt\.h</Filter>
    </ClInclude>
    <ClInclude Include="Encrypt\sha.h">
      <Filter>Encrypt\.h</Filter>
    </ClInclude>
    <ClInclude Include="Encrypt\sha1.h">
      <Filter>Encrypt\.h</Filter>
    </ClInclude>
    <ClInclude Include="Encrypt\sha256.h">
      <Filter>Encrypt\.h</Filter>
    </ClInclude>
  </ItemGroup>
  <ItemGroup>
    <ClCompile Include="main_utils.cpp" />
    <ClCompile Include="StringUtils\stringutils.cpp">
      <Filter>StringUtils</Filter>
    </ClCompile>
    <ClCompile Include="MemoryShare\MemoryShare.cpp">
      <Filter>MemoryShare</Filter>
    </ClCompile>
    <ClCompile Include="Sqlite3\SQLiteHelper.cpp">
      <Filter>Sqlite3</Filter>
    </ClCompile>
    <ClCompile Include="Json\cJSON.c">
      <Filter>Json</Filter>
    </ClCompile>
    <ClCompile Include="Json\CJsonObject.cpp">
      <Filter>Json</Filter>
    </ClCompile>
    <ClCompile Include="XML\tinystr.cpp">
      <Filter>Xml</Filter>
    </ClCompile>
    <ClCompile Include="XML\tinyxml.cpp">
      <Filter>Xml</Filter>
    </ClCompile>
    <ClCompile Include="XML\tinyxmlerror.cpp">
      <Filter>Xml</Filter>
    </ClCompile>
    <ClCompile Include="XML\tinyxmlparser.cpp">
      <Filter>Xml</Filter>
    </ClCompile>
    <ClCompile Include="Sqlite3\sqlite3.c">
      <Filter>Sqlite3</Filter>
    </ClCompile>
    <ClCompile Include="CodeCvt\CodeCvt.cpp">
      <Filter>CodeCvt</Filter>
    </ClCompile>
    <ClCompile Include="InitFile\IniFIle.cpp">
      <Filter>InitFile</Filter>
    </ClCompile>
    <ClCompile Include="ResourceUtil\ResourceUtil.cpp">
      <Filter>ResourceUtil</Filter>
    </ClCompile>
    <ClCompile Include="CommandLineArguments\CommandLineArguments.cpp">
      <Filter>CommandLineArguments</Filter>
    </ClCompile>
    <ClCompile Include="WinRegistryKey\WinRegistryKey.cpp">
      <Filter>WinRegistryKey</Filter>
    </ClCompile>
    <ClCompile Include="Encrypt\aes.c">
      <Filter>Encrypt\.c</Filter>
    </ClCompile>
    <ClCompile Include="Encrypt\b64.c">
      <Filter>Encrypt\.c</Filter>
    </ClCompile>
    <ClCompile Include="Encrypt\crc32.c">
      <Filter>Encrypt\.c</Filter>
    </ClCompile>
    <ClCompile Include="Encrypt\hmac.c">
      <Filter>Encrypt\.c</Filter>
    </ClCompile>
    <ClCompile Include="Encrypt\md5.c">
      <Filter>Encrypt\.c</Filter>
    </ClCompile>
    <ClCompile Include="Encrypt\p224_ec.c">
      <Filter>Encrypt\.c</Filter>
    </ClCompile>
    <ClCompile Include="Encrypt\p256.c">
      <Filter>Encrypt\.c</Filter>
    </ClCompile>
    <ClCompile Include="Encrypt\p256_ec.c">
      <Filter>Encrypt\.c</Filter>
    </ClCompile>
    <ClCompile Include="Encrypt\p256_ecdsa.c">
      <Filter>Encrypt\.c</Filter>
    </ClCompile>
    <ClCompile Include="Encrypt\p256_prng.c">
      <Filter>Encrypt\.c</Filter>
    </ClCompile>
    <ClCompile Include="Encrypt\pbkdf2.c">
      <Filter>Encrypt\.c</Filter>
    </ClCompile>
    <ClCompile Include="Encrypt\rc4.c">
      <Filter>Encrypt\.c</Filter>
    </ClCompile>
    <ClCompile Include="Encrypt\sha.c">
      <Filter>Encrypt\.c</Filter>
    </ClCompile>
    <ClCompile Include="Encrypt\sha1.c">
      <Filter>Encrypt\.c</Filter>
    </ClCompile>
    <ClCompile Include="Encrypt\sha256.c">
      <Filter>Encrypt\.c</Filter>
    </ClCompile>
  </ItemGroup>
</Project>